
Microsoft Visual Studio Solution File, Format Version 12.00
# Visual Studio Version 17
VisualStudioVersion = 17.11.35327.3
MinimumVisualStudioVersion = 10.0.40219.1
Project("{FAE04EC0-301F-11D3-BF4B-00C04F79EFBC}") = "CTSWebapplication", "CTSWebapplication.csproj", "{022E713F-53F0-46E8-824A-ADCE5DE0CB2C}"
EndProject
Global
	GlobalSection(SolutionConfigurationPlatforms) = preSolution
		Debug|Any CPU = Debug|Any CPU
		Release|Any CPU = Release|Any CPU
	EndGlobalSection
	GlobalSection(ProjectConfigurationPlatforms) = postSolution
		{022E713F-53F0-46E8-824A-ADCE5DE0CB2C}.Debug|Any CPU.ActiveCfg = Debug|Any CPU
		{022E713F-53F0-46E8-824A-ADCE5DE0CB2C}.Debug|Any CPU.Build.0 = Debug|Any CPU
		{022E713F-53F0-46E8-824A-ADCE5DE0CB2C}.Release|Any CPU.ActiveCfg = Release|Any CPU
		{022E713F-53F0-46E8-824A-ADCE5DE0CB2C}.Release|Any CPU.Build.0 = Release|Any CPU
	EndGlobalSection
	GlobalSection(SolutionProperties) = preSolution
		HideSolutionNode = FALSE
	EndGlobalSection
	GlobalSection(ExtensibilityGlobals) = postSolution
		SolutionGuid = {B1DC055A-182E-4E74-A494-9C1CD26F6097}
	EndGlobalSection
EndGlobal
